
Microsoft Visual Studio Solution File, Format Version 12.00
# Visual Studio Version 17
VisualStudioVersion = 17.1.31911.260
MinimumVisualStudioVersion = 10.0.40219.1
Project("{2150E333-8FDC-42A3-9474-1A3956D46DE8}") = "Solution Items", "Solution Items", "{4EBC1AA9-1FA5-4EB2-B668-9EE28D04EB1F}"
	ProjectSection(SolutionItems) = preProject
		.editorconfig = .editorconfig
		.gitignore = .gitignore
		.globalconfig = .globalconfig
		azure-pipelines.yml = azure-pipelines.yml
		Directory.Build.Props = Directory.Build.Props
		global.json = global.json
		LICENSE.md = LICENSE.md
		localbuild.ps1 = localbuild.ps1
		NuGet.config = NuGet.config
		README.md = README.md
		umbraco-marketplace.json = umbraco-marketplace.json
		version.json = version.json
	EndProjectSection
EndProject
Project("{9A19103F-16F7-4668-BE54-9A1E7A4F7556}") = "Blip", "src\Blip\Blip.csproj", "{9CB87F52-E8CD-44E0-851E-F8994F32E50D}"
EndProject
Project("{9A19103F-16F7-4668-BE54-9A1E7A4F7556}") = "Blip.Site", "Blip.Site\Blip.Site.csproj", "{4A0555EA-85BD-467D-997F-532C619E2487}"
EndProject
Global
	GlobalSection(SolutionConfigurationPlatforms) = preSolution
		Debug|Any CPU = Debug|Any CPU
		Release|Any CPU = Release|Any CPU
	EndGlobalSection
	GlobalSection(ProjectConfigurationPlatforms) = postSolution
		{9CB87F52-E8CD-44E0-851E-F8994F32E50D}.Debug|Any CPU.ActiveCfg = Debug|Any CPU
		{9CB87F52-E8CD-44E0-851E-F8994F32E50D}.Debug|Any CPU.Build.0 = Debug|Any CPU
		{9CB87F52-E8CD-44E0-851E-F8994F32E50D}.Release|Any CPU.ActiveCfg = Release|Any CPU
		{9CB87F52-E8CD-44E0-851E-F8994F32E50D}.Release|Any CPU.Build.0 = Release|Any CPU
		{4A0555EA-85BD-467D-997F-532C619E2487}.Debug|Any CPU.ActiveCfg = Debug|Any CPU
		{4A0555EA-85BD-467D-997F-532C619E2487}.Debug|Any CPU.Build.0 = Debug|Any CPU
		{4A0555EA-85BD-467D-997F-532C619E2487}.Release|Any CPU.ActiveCfg = Release|Any CPU
		{4A0555EA-85BD-467D-997F-532C619E2487}.Release|Any CPU.Build.0 = Release|Any CPU
	EndGlobalSection
	GlobalSection(SolutionProperties) = preSolution
		HideSolutionNode = FALSE
	EndGlobalSection
	GlobalSection(ExtensibilityGlobals) = postSolution
		SolutionGuid = {D9859555-3D80-4997-9397-8BA1A92D4A57}
	EndGlobalSection
EndGlobal
