{
  "version": 1,
  "dependencies": {
    ".NETFramework,Version=v4.7.2": {
      "ClientDependency": {
        "type": "Direct",
        "requested": "[1.9.9, 1.9.9]",
        "resolved": "1.9.9",
        "contentHash": "0Rv6H1FY32BXtaKeR9bKEbFaQ33WWhNprfo8P15vezxfJpVpBRmOBbqLwoTocZfrBIKpq+BfpfGpUD7ekpFKYA=="
      },
      "ClientDependency-Mvc5": {
        "type": "Direct",
        "requested": "[1.9.3, 1.9.3]",
        "resolved": "1.9.3",
        "contentHash": "kp+aIhV92QtWtq9dsCTD0nxebIsdDBDyrIzbKbYZqniRf6ji5R6TjGp8Roty8nh7oeiryp4mjvDxSrmWXLRopg=="
      },
      "CSharpTest.Net.Collections": {
        "type": "Direct",
        "requested": "[14.906.1403.1082, 14.906.1403.1082]",
        "resolved": "14.906.1403.1082",
        "contentHash": "31Pu0wcHG2c814AUVPSzyL/ijcfyvu4S524+uxOhx2d1dRiIJ9eMLLvRWUhhP7F0Q17cvQpnGnZk8+4DhdJPgg=="
      },
      "Examine": {
        "type": "Direct",
        "requested": "[1.2.0, 1.2.0]",
        "resolved": "1.2.0",
        "contentHash": "sNYtuHVA+OqAJfSsYaX54UQZZDp8wGX1H+Qtern3oIfFs2/9IOyraHf9Po7Xwg5w/t9dT7JdbGdGeLVknSIoGg=="
      },
      "HtmlAgilityPack": {
        "type": "Direct",
        "requested": "[1.8.14, 1.8.14]",
        "resolved": "1.8.14",
        "contentHash": "HfQYd6XhNm7I3iF2Ui/KQMUagVGj41JjwBzq170gnuHr4Lc92n577OekCbs9JKMV7kSwtDkL5Hsm6ludFc+B0g=="
      },
      "ImageProcessor": {
        "type": "Direct",
        "requested": "[2.9.1, 2.9.1]",
        "resolved": "2.9.1",
        "contentHash": "QzYXsKGBdgAcxneFucxPcsMnCFr3VwZKZ09cPwVH6TzcgA2JWskfDPr3u6IyDsHRgX+Ju1rgQr+I2I5/wRbcog=="
      },
      "ImageProcessor.Web": {
        "type": "Direct",
        "requested": "[4.12.1, 4.12.1]",
        "resolved": "4.12.1",
        "contentHash": "bfCKQ9jd8wwW9RVdaMFzYYhgkYShs1FuJtLJwmoGhkM8gyxygnCccEW3dWc8nymjme/P0dJswb7hjGaJJpyw/w=="
      },
      "ImageProcessor.Web.Config": {
        "type": "Direct",
        "requested": "[2.6.0, 2.6.0]",
        "resolved": "2.6.0",
        "contentHash": "lxQRKPAWFQ6+EEKezbe8oxxU/JMOzLC3GUw5m9x9KD6kPX58U/BfTXPzJ0IQj8IYtM4k98zhn8u+qtGkDprn/w=="
      },
      "K4os.Compression.LZ4": {
        "type": "Direct",
        "requested": "[1.1.11, 1.1.11]",
        "resolved": "1.1.11",
        "contentHash": "RNvJw0UGkedPhCqVBNIogtfQebY+bQt0PN7xDbVe5LWLra0ZEqPfjPSl7iStj3rgDnkqkkTTpm+vCX3hU1qKmA=="
      },
      "LightInject": {
        "type": "Direct",
        "requested": "[5.4.0, 5.4.0]",
        "resolved": "5.4.0",
        "contentHash": "w4EjEhNqtzFb0qlScmpjA84Nuv4+OITNGfYCjDhJoLYyw+uagkrrth+e9Hgidv4bMzuNSlJpHPGTHx6DtE4Ixg=="
      },
      "LightInject.Annotation": {
        "type": "Direct",
        "requested": "[1.1.0, 1.1.0]",
        "resolved": "1.1.0",
        "contentHash": "sZZpnoBRo20Ul5i8Vn8NIjIpTqhzPCwcghhQ5R36iJobmEyPjIy3qiTSVL24Ax+6aYdz/v7Vz4m/35qCVjSk3w=="
      },
      "LightInject.Mvc": {
        "type": "Direct",
        "requested": "[2.0.0, 2.0.0]",
        "resolved": "2.0.0",
        "contentHash": "kMpzPnnBV8tQ1moY5hnJLJKa+sI4SbZheN8d+w9N9vkzO0K95fANBcF7GXvmEeh2G2CC2KMNmZZF9N5Sa0YRkA=="
      },
      "LightInject.Web": {
        "type": "Direct",
        "requested": "[2.0.0, 2.0.0]",
        "resolved": "2.0.0",
        "contentHash": "+re4VADlWBF1BgIeJOy8D0UTBCZqRELWD8y2OejKrgDr8moLDApydGfNpyJv0J4tG8tqR4LwU33yo5fU/+rkWA=="
      },
      "LightInject.WebApi": {
        "type": "Direct",
        "requested": "[2.0.0, 2.0.0]",
        "resolved": "2.0.0",
        "contentHash": "Ujdv0UfmKdr6coi/pyLAcIN1tUAPh4X2a7nhxQBlfnbcKW/iRcfqr/l5m3l05eCFnDRUCF6Wiskfi+eve5rVHw=="
      },
      "Lucene.Net": {
        "type": "Direct",
        "requested": "[3.0.3, 3.0.3]",
        "resolved": "3.0.3",
        "contentHash": "A/70q4eDcuuafQeDB9eaiDP9FQG7X29T4VIYRphS7Wk8kAM9gNcfVqYyd0H8BJ1BTpA5C1ORm9RzFn4BiNavrw=="
      },
      "Markdown": {
        "type": "Direct",
        "requested": "[2.2.1, 2.2.1]",
        "resolved": "2.2.1",
        "contentHash": "A6veXuFP1n50RbmFNtTgfHxnHmwMsgFLSCgS1xWbg5L8n5N6HFEksTlXocZ0LsmGW4leBzeLJd+BY7+g83zFJA=="
      },
      "MessagePack": {
        "type": "Direct",
        "requested": "[2.2.85, 2.2.85]",
        "resolved": "2.2.85",
        "contentHash": "3SqAgwNV5LOf+ZapHmjQMUc7WDy/1ur9CfFNjgnfMZKCB5CxkVVbyHa06fObjGTEHZI7mcDathYjkI+ncr92ZQ=="
      },
      "MessagePack.Annotations": {
        "type": "Direct",
        "requested": "[2.2.85, 2.2.85]",
        "resolved": "2.2.85",
        "contentHash": "YptRsDCQK35K5FhmZ0LojW4t8I6DpetLfK5KG8PVY2f6h7/gdyr8f4++xdSEK/xS6XX7/GPvEpqszKVPksCsiQ=="
      },
      "Microsoft.AspNet.Identity.Core": {
        "type": "Direct",
        "requested": "[2.2.2, 2.2.2]",
        "resolved": "2.2.2",
        "contentHash": "aZoXAqqisAQlEdeMwcn204m7ErUeYXJuoZ4YqvV85OPeB0w8o8kW8Ww5o5ZTZFx3mrLmmtfWKjt4nLqfjzjXEw=="
      },
      "Microsoft.AspNet.Identity.Owin": {
        "type": "Direct",
        "requested": "[2.2.2, 2.2.2]",
        "resolved": "2.2.2",
        "contentHash": "oZ+whh1KqOmX/ODPy2gXmgDF3vq0bg1NX1Jsr07+DTtOn/3xh6PCPouNPMhNrVRHfe3E7zPdTUnagnHNr1zUXQ=="
      },
      "Microsoft.AspNet.Mvc": {
        "type": "Direct",
        "requested": "[5.2.7, 5.2.7]",
        "resolved": "5.2.7",
        "contentHash": "m3hUsn48k6Qb5El9A8naTwGTLCdSQKGSpGweqIfiVKltGJzAJJxuXvhhaQQtLCGg3i5V88iGjz0JG72/tlFKlg=="
      },
      "Microsoft.AspNet.Razor": {
        "type": "Direct",
        "requested": "[3.2.7, 3.2.7]",
        "resolved": "3.2.7",
        "contentHash": "BpWEZ+Ys7g9VAkbAfpG5jr5A1fKcmadCCXv3fYfps5YfTVABJIGV4uc9yvmXKxsNsjL+BzDld2gs+xtgT2gg1g=="
      },
      "Microsoft.AspNet.SignalR.Core": {
        "type": "Direct",
        "requested": "[2.4.0, 2.4.0]",
        "resolved": "2.4.0",
        "contentHash": "6bf1QhX+fdYO+kgS4gMhEkjM1/8/b3BrDOL6peSdRshLF23yic5yBPi/l55hXQVuELt4xgTkoUekSp/Wbd/lmw=="
      },
      "Microsoft.AspNet.WebApi": {
        "type": "Direct",
        "requested": "[5.2.7, 5.2.7]",
        "resolved": "5.2.7",
        "contentHash": "r+nQLBQ857hw8Mfb5hrlMwr0nb7BE1Fp12LsSIZ9g6NT/hTZj8CYUi2UREfywIsGPQ4EIx14oWp8QPRps/i5CA=="
      },
      "Microsoft.AspNet.WebApi.Client": {
        "type": "Direct",
        "requested": "[5.2.7, 5.2.7]",
        "resolved": "5.2.7",
        "contentHash": "/76fAHknzvFqbznS6Uj2sOyE9rJB3PltY+f53TH8dX9RiGhk02EhuFCWljSj5nnqKaTsmma8DFR50OGyQ4yJ1g=="
      },
      "Microsoft.AspNet.WebApi.Core": {
        "type": "Direct",
        "requested": "[5.2.7, 5.2.7]",
        "resolved": "5.2.7",
        "contentHash": "gM2QzApnHdy1FbKUJ/ROGJSm69P2G+HMoVd/t5Vq1O/zZ5TI4IKC9PX6nUfRt/NHgebZOIWHpB4/4K4inuy4yQ=="
      },
      "Microsoft.AspNet.WebApi.WebHost": {
        "type": "Direct",
        "requested": "[5.2.7, 5.2.7]",
        "resolved": "5.2.7",
        "contentHash": "m3TyD7R/cmbfXqkfgcnE0J/UEKklcPP5gsXR96//vLx2kTnsxuOqNlulJLl+Oto4fZMvhVPFZVR+KG9cLZM/PA=="
      },
      "Microsoft.AspNet.WebPages": {
        "type": "Direct",
        "requested": "[3.2.7, 3.2.7]",
        "resolved": "3.2.7",
        "contentHash": "2jwZFB7PvY+tbdz0ZP4iEo7gMrJxkCQUzoGLh6swUc6ZXl6DoKyDslmGcC/j9PFmJXCRMVIqtRorlPSMU2DuRA=="
      },
      "Microsoft.Bcl.AsyncInterfaces": {
        "type": "Direct",
        "requested": "[1.0.0, 1.0.0]",
        "resolved": "1.0.0",
        "contentHash": "K63Y4hORbBcKLWH5wnKgzyn7TOfYzevIEwIedQHBIkmkEBA9SCqgvom+XTuE+fAFGvINGkhFItaZ2dvMGdT5iw=="
      },
      "Microsoft.CodeDom.Providers.DotNetCompilerPlatform": {
        "type": "Direct",
        "requested": "[2.0.1, 2.0.1]",
        "resolved": "2.0.1",
        "contentHash": "pn7IMmDyYRwFE316nnMs27GmedPAnjmOfWalWTO+pJkt6JMwdNDQ3yNbWTYG+7zmUU8P4JxhODhXQygDNGvCWQ=="
      },
      "Microsoft.Extensions.DependencyInjection.Abstractions": {
        "type": "Direct",
        "requested": "[2.0.0, 2.0.0]",
        "resolved": "2.0.0",
        "contentHash": "eUdJ0Q/GfVyUJc0Jal5L1QZLceL78pvEM9wEKcHeI24KorqMDoVX+gWsMGLulQMfOwsUaPtkpQM2pFERTzSfSg=="
      },
      "Microsoft.IO.RecyclableMemoryStream": {
        "type": "Direct",
        "requested": "[1.2.2, 1.2.2]",
        "resolved": "1.2.2",
        "contentHash": "LA4RBTStohA0hAAs6oKchmIC5M5Mjd5MwfB7vbbl+312N5kXj8abTGOgwZy6ASJYLCiqiiK5kHS0hDGEgfkB8g=="
      },
      "Microsoft.Owin": {
        "type": "Direct",
        "requested": "[4.0.1, 4.0.1]",
        "resolved": "4.0.1",
        "contentHash": "J3v8nn9ABr5rm22EOyvndAP/gjP2AnhhfZuI2A7lTPO4+j27SpVv6P/Zs29+/AzSpC8qkE6GIe43vodPMF5DpA=="
      },
      "Microsoft.Owin.Host.SystemWeb": {
        "type": "Direct",
        "requested": "[4.0.1, 4.0.1]",
        "resolved": "4.0.1",
        "contentHash": "nf5v52w+wkmxjLw4RsWtOOwgbnLlWio94mKrsa61MpYIfhLHJ4ipn4QAGeaxcF46JutOwM+Ch0toU3gBK9eDRw=="
      },
      "Microsoft.Owin.Security": {
        "type": "Direct",
        "requested": "[4.0.1, 4.0.1]",
        "resolved": "4.0.1",
        "contentHash": "4VOvzEBlN+4OQIgsBYCt81cUjJ5ZbuUBZcf/LzqBT5KELskRA9zQ6z/qyh2NPIci8e0z+eJIAMHZTyNDf+QunQ=="
      },
      "Microsoft.Owin.Security.Cookies": {
        "type": "Direct",
        "requested": "[4.0.1, 4.0.1]",
        "resolved": "4.0.1",
        "contentHash": "RYY953l3IH9bLZV0Ti7ZXm9stoPr1IoplpFVM2Nd83zhNB85/4hNr5H8Bk5H3LZFb6Ba3O4mIBEYHXK0XcEEGw=="
      },
      "Microsoft.Owin.Security.OAuth": {
        "type": "Direct",
        "requested": "[4.0.1, 4.0.1]",
        "resolved": "4.0.1",
        "contentHash": "KhxNb81lYqbOnn6cad999pskXkEAwftRSd0MSYb6wAMpM5E8686VY4neEqqdKg60x96P/nAtlGPLqiyNimd9nw=="
      },
      "Microsoft.Web.Infrastructure": {
        "type": "Direct",
        "requested": "[1.0.0, 1.0.0]",
        "resolved": "1.0.0",
        "contentHash": "FNmvLn5m2LTU/Rs2KWVo0SIIh9Ek+U0ojex7xeDaSHw/zgEP77A8vY5cVWgUtBGS8MJfDGNn8rpXJWEIQaPwTg=="
      },
      "MiniProfiler": {
        "type": "Direct",
        "requested": "[4.0.138, 4.0.138]",
        "resolved": "4.0.138",
        "contentHash": "dGJUJBzzUUKs4VilVnI+OcCnSlRAn7HTZ1Kp8ECEU6Ui/NAs3T2dB5cdtxJ6K34AnGoPGO4HuJnSbJtWhK+Q0g=="
      },
      "MiniProfiler.Shared": {
        "type": "Direct",
        "requested": "[4.0.138, 4.0.138]",
        "resolved": "4.0.138",
        "contentHash": "KPV/bZhxfcj/P5Iwu3W93gYG88jRzLJi7b3N3snNJCJu+uqb0BRVZv9iwk/uPeYizkDuTHt9rGkGAsPw8YUu7Q=="
      },
      "Newtonsoft.Json": {
        "type": "Direct",
        "requested": "[12.0.1, 12.0.1]",
        "resolved": "12.0.1",
        "contentHash": "pBR3wCgYWZGiaZDYP+HHYnalVnPJlpP1q55qvVb+adrDHmFMDc1NAKio61xTwftK3Pw5h7TZJPJEEVMd6ty8rg=="
      },
      "NPoco": {
        "type": "Direct",
        "requested": "[3.9.4, 3.9.4]",
        "resolved": "3.9.4",
        "contentHash": "XnWlzHZnbGLRZmMmJJZFSzZFY+HUWaYEHAtwgBeEev0SOFA8Ng9ppX7Wc/kqnuz3LZamrWxfv1mOmcRIpe9nEg=="
      },
      "Our.Umbraco.DocTypeGridEditor": {
        "type": "Direct",
        "requested": "[1.2.9, 1.2.9]",
        "resolved": "1.2.9",
        "contentHash": "3osDgUf27Qx/i3os2Pu+ogb5DubKeA3afPOXB5s0qJBGnSTZY7ANEx/ZgypApxXf8rrLSreXIN2jtJBH1wex1g=="
      },
      "Owin": {
        "type": "Direct",
        "requested": "[1.0.0, 1.0.0]",
        "resolved": "1.0.0",
        "contentHash": "OseTFniKmyp76mEzOBwIKGBRS5eMoYNkMKaMXOpxx9jv88+b6mh1rSaw43vjBOItNhaLFG3d0a20PfHyibH5sw=="
      },
      "Semver": {
        "type": "Direct",
        "requested": "[2.0.4, 2.0.4]",
        "resolved": "2.0.4",
        "contentHash": "H52a9cgrh4hkVxv5y99L9vk2NBtJB3ids/yavTHUvC0pUl3EsWEZAJmjBPFSt7jDtn3Q04+Nhtfo0J2xvsnhZQ=="
      },
      "Serilog": {
        "type": "Direct",
        "requested": "[2.10.0, 2.10.0]",
        "resolved": "2.10.0",
        "contentHash": "+QX0hmf37a0/OZLxM3wL7V6/ADvC1XihXN4Kq/p6d8lCPfgkRdiuhbWlMaFjR9Av0dy5F0+MBeDmDdRZN/YwQA=="
      },
      "Serilog.Enrichers.Process": {
        "type": "Direct",
        "requested": "[2.0.2, 2.0.2]",
        "resolved": "2.0.2",
        "contentHash": "T9EjKKLsL6qC/3eOLUAKEPBLEqPDmt5BLXaQdPMaxJzuex+MeXA8DuAiPboUaftp3kbnCN4ZgZpDvs+Fa7OHuw=="
      },
      "Serilog.Enrichers.Thread": {
        "type": "Direct",
        "requested": "[3.1.0, 3.1.0]",
        "resolved": "3.1.0",
        "contentHash": "85lWsGRJpRxvKT6j/H67no55SUBsBIvp556TKuBTGhjtoPeq+L7j/sDWbgAtvT0p7u7/phJyX6j35PQ4Vtqw0g=="
      },
      "Serilog.Filters.Expressions": {
        "type": "Direct",
        "requested": "[2.1.0, 2.1.0]",
        "resolved": "2.1.0",
        "contentHash": "e0ZaK+NWx6+j71xB5dRXohdreSeHgMJ9mp4giSp83/4UC8VsJWDH+CAT1YVXsyINAR9IQznXllnJ0e5j+BvwzA=="
      },
      "Serilog.Formatting.Compact": {
        "type": "Direct",
        "requested": "[1.1.0, 1.1.0]",
        "resolved": "1.1.0",
        "contentHash": "pNroKVjo+rDqlxNG5PXkRLpfSCuDOBY0ri6jp9PLe505ljqwhwZz8ospy2vWhQlFu5GkIesh3FcDs4n7sWZODA=="
      },
      "Serilog.Formatting.Compact.Reader": {
        "type": "Direct",
        "requested": "[1.0.5, 1.0.5]",
        "resolved": "1.0.5",
        "contentHash": "PPqEBHc9YMtXBiEAxD4qd5oqsavmr1jzdjKC9ky50Ipf/qnSp2D2l/ZggSxZUW7jfCbJStxgwKYGsH0Bnk4BIw=="
      },
      "Serilog.Settings.AppSettings": {
        "type": "Direct",
        "requested": "[2.2.2, 2.2.2]",
        "resolved": "2.2.2",
        "contentHash": "2BcbEs9E14BVUHlkZjxGnILUTN/FiYn45k8NW5I9nrMELnBy9sCQ1L2SgJVGLlINUhzEVqE7aWE84UG7B0Qr0A=="
      },
      "Serilog.Sinks.Async": {
        "type": "Direct",
        "requested": "[1.5.0, 1.5.0]",
        "resolved": "1.5.0",
        "contentHash": "csHYIqAwI4Gy9oAhXYRwxGrQEAtBg3Ep7WaCzsnA1cZuBZjVAU0n7hWaJhItjO7hbLHh/9gRVxALCUB4Dv+gZw=="
      },
      "Serilog.Sinks.File": {
        "type": "Direct",
        "requested": "[4.1.0, 4.1.0]",
        "resolved": "4.1.0",
        "contentHash": "U0b34w+ZikbqWEZ3ui7BdzxY/19zwrdhLtI3o6tfmLdD3oXxg7n2TZJjwCCTlKPgRuYic9CBWfrZevbb70mTaw=="
      },
      "Serilog.Sinks.Map": {
        "type": "Direct",
        "requested": "[1.0.2, 1.0.2]",
        "resolved": "1.0.2",
        "contentHash": "JbPBAeD5hxUQw8TZg3FlOnqVsSu1269nvqFm5DQ7hc+AmsB+hItl+zMSDphMbPJXjL8KdpMRSWNkGi7zTKRmCA=="
      },
      "SharpZipLib": {
        "type": "Direct",
        "requested": "[0.86.0, 0.86.0]",
        "resolved": "0.86.0",
        "contentHash": "5DbS1SlKLMi+WG00Cm0ueYf2oyXJrowETQk8nx96rmdjTuHsA3laPykGV7Sxi0R5Xxfx0Kh/EfacAZ1f6M7y/g=="
      },
      "Superpower": {
        "type": "Direct",
        "requested": "[2.3.0, 2.3.0]",
        "resolved": "2.3.0",
        "contentHash": "L7ZLWjec5aPWWebsOKM6+8SdobSFMPJFIS8S8TT46oH2iELA70H95spRMeP1yPH9nDL/o+XYP29DPtVwVdzPeA=="
      },
      "System.Buffers": {
        "type": "Direct",
        "requested": "[4.5.1, 4.5.1]",
        "resolved": "4.5.1",
        "contentHash": "Rw7ijyl1qqRS0YQD/WycNst8hUUMgrMH4FCn1nNm27M4VxchZ1js3fVjQaANHO5f3sN4isvP4a+Met9Y4YomAg=="
      },
      "System.Collections.Immutable": {
        "type": "Direct",
        "requested": "[1.7.1, 1.7.1]",
        "resolved": "1.7.1",
        "contentHash": "B43Zsz5EfMwyEbnObwRxW5u85fzJma3lrDeGcSAV1qkhSRTNY5uXAByTn9h9ddNdhM+4/YoLc/CI43umjwIl9Q=="
      },
      "System.Diagnostics.DiagnosticSource": {
        "type": "Direct",
        "requested": "[4.4.1, 4.4.1]",
        "resolved": "4.4.1",
        "contentHash": "U/KcC19fyLsPN1GLmeU2zQq15MMVcPwMOYPADVo1+WIoJpvMHxrzvl+BLLZwTEZSneGwaPFZ0aWr0nJ7B7LSdA=="
      },
      "System.Memory": {
        "type": "Direct",
        "requested": "[4.5.4, 4.5.4]",
        "resolved": "4.5.4",
        "contentHash": "1MbJTHS1lZ4bS4FmsJjnuGJOu88ZzTT2rLvrhW7Ygic+pC0NWA+3hgAen0HRdsocuQXCkUTdFn9yHJJhsijDXw=="
      },
      "System.Numerics.Vectors": {
        "type": "Direct",
        "requested": "[4.5.0, 4.5.0]",
        "resolved": "4.5.0",
        "contentHash": "QQTlPTl06J/iiDbJCiepZ4H//BVraReU4O4EoRw1U02H5TLUIT7xn3GnDp9AXPSlJUDyFs4uWjWafNX6WrAojQ=="
      },
      "System.Reflection.Emit": {
        "type": "Direct",
        "requested": "[4.6.0, 4.6.0]",
        "resolved": "4.6.0",
        "contentHash": "qAo4jyXtC9i71iElngX7P2r+zLaiHzxKwf66sc3X91tL5Ks6fnQ1vxL04o7ZSm3sYfLExySL7GN8aTpNYpU1qw=="
      },
      "System.Reflection.Emit.Lightweight": {
        "type": "Direct",
        "requested": "[4.6.0, 4.6.0]",
        "resolved": "4.6.0",
        "contentHash": "j/V5HVvxvBQ7uubYD0PptQW2KGsi1Pc2kZ9yfwLixv3ADdjL/4M78KyC5e+ymW612DY8ZE4PFoZmWpoNmN2mqg=="
      },
      "System.Runtime.CompilerServices.Unsafe": {
        "type": "Direct",
        "requested": "[4.7.1, 4.7.1]",
        "resolved": "4.7.1",
        "contentHash": "zOHkQmzPCn5zm/BH+cxC1XbUS3P4Yoi3xzW7eRgVpDR2tPGSzyMZ17Ig1iRkfJuY0nhxkQQde8pgePNiA7z7TQ=="
      },
      "System.Text.Encoding.CodePages": {
        "type": "Direct",
        "requested": "[4.7.1, 4.7.1]",
        "resolved": "4.7.1",
        "contentHash": "i2fOvznVVgOOTLUz8FgSap/MsR98I4Iaoz99VXcOW/e7Y2OdY42zhYpBYpZyivk5alYY/UsOWAVswhtjxceodA=="
      },
      "System.Threading.Tasks.Dataflow": {
        "type": "Direct",
        "requested": "[4.9.0, 4.9.0]",
        "resolved": "4.9.0",
        "contentHash": "dTS+3D/GtG2/Pvc3E5YzVvAa7aQJgLDlZDIzukMOJjYudVOQOUXEU68y6Zi3Nn/jqIeB5kOCwrGbQFAKHVzXEQ=="
      },
      "System.Threading.Tasks.Extensions": {
        "type": "Direct",
        "requested": "[4.5.3, 4.5.3]",
        "resolved": "4.5.3",
        "contentHash": "+MvhNtcvIbqmhANyKu91jQnvIRVSTiaOiFNfKWwXGHG48YAb4I/TyH8spsySiPYla7gKal5ZnF3teJqZAximyQ=="
      },
      "System.ValueTuple": {
        "type": "Direct",
        "requested": "[4.5.0, 4.5.0]",
        "resolved": "4.5.0",
        "contentHash": "okurQJO6NRE/apDIP23ajJ0hpiNmJ+f0BwOlB/cSqTLQlw5upkf+5+96+iG2Jw40G1fCVCyPz/FhIABUjMR+RQ=="
      },
      "Umbraco.SqlServerCE": {
        "type": "Direct",
        "requested": "[4.0.0.1, 4.0.0.1]",
        "resolved": "4.0.0.1",
        "contentHash": "ApeeERIumXC8inaXMF+v0IMikazEp6N6axPqdAVDF6mQoY6K4tlyB3/H9iTIInlUus1ixLtPFHBa+EDzsDF8ng=="
      },
      "UmbracoCms": {
        "type": "Direct",
        "requested": "[8.16.0, 8.16.0]",
        "resolved": "8.16.0",
        "contentHash": "erpqsD/u45amxYda5jxSHkTF506x6yx0ENIrXme8EZe8nV7hePtBrsnz7lSeQasURn+jBByP7y7enyFNqXmfdw=="
      },
      "UmbracoCms.Core": {
        "type": "Direct",
        "requested": "[8.16.0, 8.16.0]",
        "resolved": "8.16.0",
        "contentHash": "e+FdzXn5t4jXocMd0/pEOZWmJLjTpggQKTliURrFKJXPfqO7nhT9kuafgD9lkRXXQ5Rck9slWvEO2wnKdcUbKQ=="
      },
      "UmbracoCms.Web": {
        "type": "Direct",
        "requested": "[8.16.0, 8.16.0]",
        "resolved": "8.16.0",
        "contentHash": "z8/LWSUTKUYw/gbBKntUjww0R5WHSGmiwrUVfw1NRleZFk3/9P2KMfcE1tiGNFsdpEQ/0XnL8gevMsHQM09G1Q=="
      }
    }
  }
}